
Microsoft Visual Studio Solution File, Format Version 12.00
# Visual Studio Version 17
VisualStudioVersion = 17.0.31912.275
MinimumVisualStudioVersion = 10.0.40219.1
Project("{9A19103F-16F7-4668-BE54-9A1E7A4F7556}") = "MyBooks", "MyBooks\MyBooks.csproj", "{97F43303-2B81-4AEA-9AD0-3D3A8FD19DA3}"
EndProject
Global
	GlobalSection(SolutionConfigurationPlatforms) = preSolution
		Debug|Any CPU = Debug|Any CPU
		Release|Any CPU = Release|Any CPU
	EndGlobalSection
	GlobalSection(ProjectConfigurationPlatforms) = postSolution
		{97F43303-2B81-4AEA-9AD0-3D3A8FD19DA3}.Debug|Any CPU.ActiveCfg = Debug|Any CPU
		{97F43303-2B81-4AEA-9AD0-3D3A8FD19DA3}.Debug|Any CPU.Build.0 = Debug|Any CPU
		{97F43303-2B81-4AEA-9AD0-3D3A8FD19DA3}.Release|Any CPU.ActiveCfg = Release|Any CPU
		{97F43303-2B81-4AEA-9AD0-3D3A8FD19DA3}.Release|Any CPU.Build.0 = Release|Any CPU
	EndGlobalSection
	GlobalSection(SolutionProperties) = preSolution
		HideSolutionNode = FALSE
	EndGlobalSection
	GlobalSection(ExtensibilityGlobals) = postSolution
		SolutionGuid = {7E5A467D-BDFA-4CB7-BCD6-C36BD9FFF1A9}
	EndGlobalSection
EndGlobal
